
Microsoft Visual Studio Solution File, Format Version 12.00
# Visual Studio 15
VisualStudioVersion = 15.0.28307.329
MinimumVisualStudioVersion = 10.0.40219.1
Project("{FAE04EC0-301F-11D3-BF4B-00C04F79EFBC}") = "MadeWithUnityRandomShowcase", "MadeWithUnityRandomShowcase\MadeWithUnityRandomShowcase.csproj", "{DA6CA834-30C9-4428-B89E-DFB6643BB4DA}"
EndProject
Project("{FAE04EC0-301F-11D3-BF4B-00C04F79EFBC}") = "MadeWithUnityRandomShowcase.Tests", "MadeWithUnityRandomShowcase.Tests\MadeWithUnityRandomShowcase.Tests.csproj", "{92869648-2DD1-48FC-92BF-1F8BB2F5AEF9}"
EndProject
Global
	GlobalSection(SolutionConfigurationPlatforms) = preSolution
		Debug|Any CPU = Debug|Any CPU
		Release|Any CPU = Release|Any CPU
	EndGlobalSection
	GlobalSection(ProjectConfigurationPlatforms) = postSolution
		{DA6CA834-30C9-4428-B89E-DFB6643BB4DA}.Debug|Any CPU.ActiveCfg = Debug|Any CPU
		{DA6CA834-30C9-4428-B89E-DFB6643BB4DA}.Debug|Any CPU.Build.0 = Debug|Any CPU
		{DA6CA834-30C9-4428-B89E-DFB6643BB4DA}.Release|Any CPU.ActiveCfg = Release|Any CPU
		{DA6CA834-30C9-4428-B89E-DFB6643BB4DA}.Release|Any CPU.Build.0 = Release|Any CPU
		{92869648-2DD1-48FC-92BF-1F8BB2F5AEF9}.Debug|Any CPU.ActiveCfg = Debug|Any CPU
		{92869648-2DD1-48FC-92BF-1F8BB2F5AEF9}.Debug|Any CPU.Build.0 = Debug|Any CPU
		{92869648-2DD1-48FC-92BF-1F8BB2F5AEF9}.Release|Any CPU.ActiveCfg = Release|Any CPU
		{92869648-2DD1-48FC-92BF-1F8BB2F5AEF9}.Release|Any CPU.Build.0 = Release|Any CPU
	EndGlobalSection
	GlobalSection(SolutionProperties) = preSolution
		HideSolutionNode = FALSE
	EndGlobalSection
	GlobalSection(ExtensibilityGlobals) = postSolution
		SolutionGuid = {C02B4175-27B4-46A0-94B2-3D9F16737B34}
	EndGlobalSection
EndGlobal
